
Microsoft Visual Studio Solution File, Format Version 12.00
# Visual Studio Version 16
VisualStudioVersion = 16.0.31424.327
MinimumVisualStudioVersion = 10.0.40219.1
Project("{FAE04EC0-301F-11D3-BF4B-00C04F79EFBC}") = "AudenAssessment", "AudenAssessment.csproj", "{E73DFFDA-6648-44FE-A0E4-626A479504D0}"
EndProject
Global
	GlobalSection(SolutionConfigurationPlatforms) = preSolution
		Debug|Any CPU = Debug|Any CPU
		Release|Any CPU = Release|Any CPU
	EndGlobalSection
	GlobalSection(ProjectConfigurationPlatforms) = postSolution
		{E73DFFDA-6648-44FE-A0E4-626A479504D0}.Debug|Any CPU.ActiveCfg = Debug|Any CPU
		{E73DFFDA-6648-44FE-A0E4-626A479504D0}.Debug|Any CPU.Build.0 = Debug|Any CPU
		{E73DFFDA-6648-44FE-A0E4-626A479504D0}.Release|Any CPU.ActiveCfg = Release|Any CPU
		{E73DFFDA-6648-44FE-A0E4-626A479504D0}.Release|Any CPU.Build.0 = Release|Any CPU
	EndGlobalSection
	GlobalSection(SolutionProperties) = preSolution
		HideSolutionNode = FALSE
	EndGlobalSection
	GlobalSection(ExtensibilityGlobals) = postSolution
		SolutionGuid = {56FC1888-3E69-446A-B3A9-FD89A2F4738F}
	EndGlobalSection
EndGlobal
